github.com/CaiJimmy/hugo-theme-stack/v3 v3.16.0 h1:ZWF66g7aXA840CzsT4lv65wHSojqwY0Yj7KdvOkn5NA=
github.com/CaiJimmy/hugo-theme-stack/v3 v3.16.0/go.mod h1:IPmCXiIxlFSLFYS0tOmYP6ySLviyeNVSabyvSuaxD+I=
github.com/CaiJimmy/hugo-theme-stack/v3 v3.30.0 h1:uITC7EKGyfPjyi3C5At++E0Uu1qQXtqiwMV4pd7LkLs=
github.com/CaiJimmy/hugo-theme-stack/v3 v3.30.0/go.mod h1:IPmCXiIxlFSLFYS0tOmYP6ySLviyeNVSabyvSuaxD+I=
